Microsoft Visual Studio Solution File, Format Version 12.00
# Visual Studio Version 17
VisualStudioVersion = 17.5.2.0
MinimumVisualStudioVersion = 10.0.40219.1
Project("{FAE04EC0-301F-11D3-BF4B-00C04F79EFBC}") = "GetFitterGetBigger.Admin", "GetFitterGetBigger.Admin.csproj", "{810905E1-B175-19CE-118A-EF5D1EE57266}"
EndProject
Global
	GlobalSection(SolutionConfigurationPlatforms) = preSolution
		Debug|Any CPU = Debug|Any CPU
		Release|Any CPU = Release|Any CPU
	EndGlobalSection
	GlobalSection(ProjectConfigurationPlatforms) = postSolution
		{810905E1-B175-19CE-118A-EF5D1EE57266}.Debug|Any CPU.ActiveCfg = Debug|Any CPU
		{810905E1-B175-19CE-118A-EF5D1EE57266}.Debug|Any CPU.Build.0 = Debug|Any CPU
		{810905E1-B175-19CE-118A-EF5D1EE57266}.Release|Any CPU.ActiveCfg = Release|Any CPU
		{810905E1-B175-19CE-118A-EF5D1EE57266}.Release|Any CPU.Build.0 = Release|Any CPU
	EndGlobalSection
	GlobalSection(SolutionProperties) = preSolution
		HideSolutionNode = FALSE
	EndGlobalSection
	GlobalSection(ExtensibilityGlobals) = postSolution
		SolutionGuid = {4818B063-F250-4772-8A0D-321AD7E42015}
	EndGlobalSection
EndGlobal
