Microsoft Visual Studio Solution File, Format Version 12.00
# Visual Studio Version 17
VisualStudioVersion = 17.5.2.0
MinimumVisualStudioVersion = 10.0.40219.1
Project("{FAE04EC0-301F-11D3-BF4B-00C04F79EFBC}") = "GetFitterGetBigger.API", "GetFitterGetBigger.API.csproj", "{AF075E2D-5E1B-B213-2712-6A5D7A245F31}"
EndProject
Global
	GlobalSection(SolutionConfigurationPlatforms) = preSolution
		Debug|Any CPU = Debug|Any CPU
		Release|Any CPU = Release|Any CPU
	EndGlobalSection
	GlobalSection(ProjectConfigurationPlatforms) = postSolution
		{AF075E2D-5E1B-B213-2712-6A5D7A245F31}.Debug|Any CPU.ActiveCfg = Debug|Any CPU
		{AF075E2D-5E1B-B213-2712-6A5D7A245F31}.Debug|Any CPU.Build.0 = Debug|Any CPU
		{AF075E2D-5E1B-B213-2712-6A5D7A245F31}.Release|Any CPU.ActiveCfg = Release|Any CPU
		{AF075E2D-5E1B-B213-2712-6A5D7A245F31}.Release|Any CPU.Build.0 = Release|Any CPU
	EndGlobalSection
	GlobalSection(SolutionProperties) = preSolution
		HideSolutionNode = FALSE
	EndGlobalSection
	GlobalSection(ExtensibilityGlobals) = postSolution
		SolutionGuid = {79ABD740-A07C-4F6C-8A13-7A8A40FBB80C}
	EndGlobalSection
EndGlobal
